{
  "object": {
    "pins": [
      {
        "package": "async-http-client",
        "repositoryURL": "https://github.com/swift-server/async-http-client.git",
        "state": {
          "branch": null,
          "revision": "1081b0b0541f535ca088acdb56f5ca5598bc6247",
          "version": "1.6.3"
        }
      },
      {
        "package": "Codextended",
        "repositoryURL": "https://github.com/johnsundell/codextended.git",
        "state": {
          "branch": null,
          "revision": "8d7c46dfc9c55240870cf5561d6cefa41e3d7105",
          "version": "0.3.0"
        }
      },
      {
        "package": "CompressPublishPlugin",
        "repositoryURL": "https://github.com/vation-ca/compresspublishplugin",
        "state": {
          "branch": null,
          "revision": "dcc2e96635b4fcafafe2c65c1a4d36ee7cda5476",
          "version": "0.6.0"
        }
      },
      {
        "package": "CustomPagesPublishPlugin",
        "repositoryURL": "https://github.com/vation-ca/custompagespublishplugin",
        "state": {
          "branch": null,
          "revision": "c2744a5f41f78293653f51551098eb6214e9c2e9",
          "version": "0.1.1"
        }
      },
      {
        "package": "Files",
        "repositoryURL": "https://github.com/johnsundell/files.git",
        "state": {
          "branch": null,
          "revision": "d273b5b7025d386feef79ef6bad7de762e106eaf",
          "version": "4.2.0"
        }
      },
      {
        "package": "Ink",
        "repositoryURL": "https://github.com/johnsundell/ink.git",
        "state": {
          "branch": null,
          "revision": "77c3d8953374a9cf5418ef0bd7108524999de85a",
          "version": "0.5.1"
        }
      },
      {
        "package": "Plot",
        "repositoryURL": "https://github.com/johnsundell/plot.git",
        "state": {
          "branch": null,
          "revision": "c27f6857deeb4c4623db294172a8ec572790a9be",
          "version": "0.10.0"
        }
      },
      {
        "package": "Publish",
        "repositoryURL": "https://github.com/johnsundell/publish.git",
        "state": {
          "branch": null,
          "revision": "1402af3cbe18df03fb6df701fdcf51471f98d0ff",
          "version": "0.8.0"
        }
      },
      {
        "package": "ShellOut",
        "repositoryURL": "https://github.com/johnsundell/shellout.git",
        "state": {
          "branch": null,
          "revision": "e1577acf2b6e90086d01a6d5e2b8efdaae033568",
          "version": "2.3.0"
        }
      },
      {
        "package": "SiteCheckPublishPlugin",
        "repositoryURL": "https://github.com/vation-ca/sitecheckpublishplugin",
        "state": {
          "branch": null,
          "revision": "20ae4648931595c487cb75ccd05950a170015801",
          "version": "0.1.9"
        }
      },
      {
        "package": "Sweep",
        "repositoryURL": "https://github.com/johnsundell/sweep.git",
        "state": {
          "branch": null,
          "revision": "801c2878e4c6c5baf32fe132e1f3f3af6f9fd1b0",
          "version": "0.4.0"
        }
      },
      {
        "package": "swift-log",
        "repositoryURL": "https://github.com/apple/swift-log.git",
        "state": {
          "branch": null,
          "revision": "5d66f7ba25daf4f94100e7022febf3c75e37a6c7",
          "version": "1.4.2"
        }
      },
      {
        "package": "swift-nio",
        "repositoryURL": "https://github.com/apple/swift-nio.git",
        "state": {
          "branch": null,
          "revision": "6aa9347d9bc5bbfe6a84983aec955c17ffea96ef",
          "version": "2.33.0"
        }
      },
      {
        "package": "swift-nio-extras",
        "repositoryURL": "https://github.com/apple/swift-nio-extras.git",
        "state": {
          "branch": null,
          "revision": "f73ca5ee9c6806800243f1ac415fcf82de9a4c91",
          "version": "1.10.2"
        }
      },
      {
        "package": "swift-nio-http2",
        "repositoryURL": "https://github.com/apple/swift-nio-http2.git",
        "state": {
          "branch": null,
          "revision": "326f7f9a8c8c8402e3691adac04911cac9f9d87f",
          "version": "1.18.4"
        }
      },
      {
        "package": "swift-nio-ssl",
        "repositoryURL": "https://github.com/apple/swift-nio-ssl.git",
        "state": {
          "branch": null,
          "revision": "5e68c1ded15619bb281b273fa8c2d8fd7f7b2b7d",
          "version": "2.16.1"
        }
      },
      {
        "package": "swift-nio-transport-services",
        "repositoryURL": "https://github.com/apple/swift-nio-transport-services.git",
        "state": {
          "branch": null,
          "revision": "e7f5278a26442dc46783ba7e063643d524e414a0",
          "version": "1.11.3"
        }
      },
      {
        "package": "SwiftSoup",
        "repositoryURL": "https://github.com/scinfu/SwiftSoup.git",
        "state": {
          "branch": null,
          "revision": "11da8c685ddde2d519fad04a7daf8485bbbc773e",
          "version": "1.7.5"
        }
      }
    ]
  },
  "version": 1
}
